
Microsoft Visual Studio Solution File, Format Version 12.00
# Visual Studio Version 17
VisualStudioVersion = 17.0.32126.317
MinimumVisualStudioVersion = 10.0.40219.1
Project("{FAE04EC0-301F-11D3-BF4B-00C04F79EFBC}") = "WebUI", "WebUI\WebUI.csproj", "{923A28C7-3885-4125-BA2C-A1730D77CC05}"
EndProject
Project("{FAE04EC0-301F-11D3-BF4B-00C04F79EFBC}") = "Entities", "Entities\Entities.csproj", "{A36D8133-DA67-44B9-8608-B8B33DFF6989}"
EndProject
Project("{FAE04EC0-301F-11D3-BF4B-00C04F79EFBC}") = "DataAccess", "DataAccess\DataAccess.csproj", "{B90006A5-DC49-4821-883A-1EB9650B3B08}"
EndProject
Global
	GlobalSection(SolutionConfigurationPlatforms) = preSolution
		Debug|Any CPU = Debug|Any CPU
		Release|Any CPU = Release|Any CPU
	EndGlobalSection
	GlobalSection(ProjectConfigurationPlatforms) = postSolution
		{923A28C7-3885-4125-BA2C-A1730D77CC05}.Debug|Any CPU.ActiveCfg = Debug|Any CPU
		{923A28C7-3885-4125-BA2C-A1730D77CC05}.Debug|Any CPU.Build.0 = Debug|Any CPU
		{923A28C7-3885-4125-BA2C-A1730D77CC05}.Release|Any CPU.ActiveCfg = Release|Any CPU
		{923A28C7-3885-4125-BA2C-A1730D77CC05}.Release|Any CPU.Build.0 = Release|Any CPU
		{A36D8133-DA67-44B9-8608-B8B33DFF6989}.Debug|Any CPU.ActiveCfg = Debug|Any CPU
		{A36D8133-DA67-44B9-8608-B8B33DFF6989}.Debug|Any CPU.Build.0 = Debug|Any CPU
		{A36D8133-DA67-44B9-8608-B8B33DFF6989}.Release|Any CPU.ActiveCfg = Release|Any CPU
		{A36D8133-DA67-44B9-8608-B8B33DFF6989}.Release|Any CPU.Build.0 = Release|Any CPU
		{B90006A5-DC49-4821-883A-1EB9650B3B08}.Debug|Any CPU.ActiveCfg = Debug|Any CPU
		{B90006A5-DC49-4821-883A-1EB9650B3B08}.Debug|Any CPU.Build.0 = Debug|Any CPU
		{B90006A5-DC49-4821-883A-1EB9650B3B08}.Release|Any CPU.ActiveCfg = Release|Any CPU
		{B90006A5-DC49-4821-883A-1EB9650B3B08}.Release|Any CPU.Build.0 = Release|Any CPU
	EndGlobalSection
	GlobalSection(SolutionProperties) = preSolution
		HideSolutionNode = FALSE
	EndGlobalSection
	GlobalSection(ExtensibilityGlobals) = postSolution
		SolutionGuid = {C24E52E8-999E-46A9-A0B5-1CABC9ACA035}
	EndGlobalSection
EndGlobal
